
Microsoft Visual Studio Solution File, Format Version 12.00
# Visual Studio Version 16
VisualStudioVersion = 16.0.30907.101
MinimumVisualStudioVersion = 10.0.40219.1
Project("{FAE04EC0-301F-11D3-BF4B-00C04F79EFBC}") = "GeneralMicroservices.EmailingEvent", "GeneralMicroservices.EmailingEvent\GeneralMicroservices.EmailingEvent.csproj", "{3157BE18-B6B0-448C-A1CD-05A367DC7391}"
EndProject
Global
	GlobalSection(SolutionConfigurationPlatforms) = preSolution
		Debug|Any CPU = Debug|Any CPU
		Release|Any CPU = Release|Any CPU
	EndGlobalSection
	GlobalSection(ProjectConfigurationPlatforms) = postSolution
		{3157BE18-B6B0-448C-A1CD-05A367DC7391}.Debug|Any CPU.ActiveCfg = Debug|Any CPU
		{3157BE18-B6B0-448C-A1CD-05A367DC7391}.Debug|Any CPU.Build.0 = Debug|Any CPU
		{3157BE18-B6B0-448C-A1CD-05A367DC7391}.Release|Any CPU.ActiveCfg = Release|Any CPU
		{3157BE18-B6B0-448C-A1CD-05A367DC7391}.Release|Any CPU.Build.0 = Release|Any CPU
	EndGlobalSection
	GlobalSection(SolutionProperties) = preSolution
		HideSolutionNode = FALSE
	EndGlobalSection
	GlobalSection(ExtensibilityGlobals) = postSolution
		SolutionGuid = {2C1F6256-19B7-4DF2-A8FA-497435D7F3A9}
	EndGlobalSection
EndGlobal
